// !$*UTF8*$!
{
	archiveVersion = 1;
	classes = {
	};
	objectVersion = 77;
	objects = {

/* Begin PBXBuildFile section */
		BA4339672F9854F900185CA3 /* vlogExtension.appex in Embed Foundation Extensions */ = {isa = PBXBuildFile; fileRef = BA4339512F9854F700185CA3 /* vlogExtension.appex */; settings = {ATTRIBUTES = (RemoveHeadersOnCopy, ); }; };
		BA43396D2F98550400185CA3 /* SwiftUI.framework in Frameworks */ = {isa = PBXBuildFile; fileRef = BA4339552F9854F700185CA3 /* SwiftUI.framework */; };
		BA4339702F98550600185CA3 /* WidgetKit.framework in Frameworks */ = {isa = PBXBuildFile; fileRef = BA4339532F9854F700185CA3 /* WidgetKit.framework */; };
/* End PBXBuildFile section */

/* Begin PBXContainerItemProxy section */
		BA4339652F9854F900185CA3 /* PBXContainerItemProxy */ = {
			isa = PBXContainerItemProxy;
			containerPortal = BAF19BAF2F97E2C90087AC0F /* Project object */;
			proxyType = 1;
			remoteGlobalIDString = BA4339502F9854F700185CA3;
			remoteInfo = vlogExtension;
		};
/* End PBXContainerItemProxy section */

/* Begin PBXCopyFilesBuildPhase section */
		BA4339682F9854F900185CA3 /* Embed Foundation Extensions */ = {
			isa = PBXCopyFilesBuildPhase;
			buildActionMask = 2147483647;
			dstPath = "";
			dstSubfolderSpec = 13;
			files = (
				BA4339672F9854F900185CA3 /* vlogExtension.appex in Embed Foundation Extensions */,
			);
			name = "Embed Foundation Extensions";
			runOnlyForDeploymentPostprocessing = 0;
		};
/* End PBXCopyFilesBuildPhase section */

/* Begin PBXFileReference section */
		BA39EF772F99449600BC11D4 /* vlogExtension.entitlements */ = {isa = PBXFileReference; lastKnownFileType = text.plist.entitlements; path = vlogExtension.entitlements; sourceTree = "<group>"; };
		BA4339512F9854F700185CA3 /* vlogExtension.appex */ = {isa = PBXFileReference; explicitFileType = "wrapper.app-extension"; includeInIndex = 0; path = vlogExtension.appex; sourceTree = BUILT_PRODUCTS_DIR; };
		BA4339532F9854F700185CA3 /* WidgetKit.framework */ = {isa = PBXFileReference; lastKnownFileType = wrapper.framework; name = WidgetKit.framework; path = System/Library/Frameworks/WidgetKit.framework; sourceTree = SDKROOT; };
		BA4339552F9854F700185CA3 /* SwiftUI.framework */ = {isa = PBXFileReference; lastKnownFileType = wrapper.framework; name = SwiftUI.framework; path = System/Library/Frameworks/SwiftUI.framework; sourceTree = SDKROOT; };
		BAF19BB72F97E2C90087AC0F /* vlognudgee.app */ = {isa = PBXFileReference; explicitFileType = wrapper.application; includeInIndex = 0; path = vlognudgee.app; sourceTree = BUILT_PRODUCTS_DIR; };
/* End PBXFileReference section */

/* Begin PBXFileSystemSynchronizedBuildFileExceptionSet section */
		BA43396C2F9854F900185CA3 /* Exceptions for "vlog" folder in "vlogExtension" target */ = {
			isa = PBXFileSystemSynchronizedBuildFileExceptionSet;
			membershipExceptions = (
				Info.plist,
			);
			target = BA4339502F9854F700185CA3 /* vlogExtension */;
		};
		BAF19BC42F97E2CA0087AC0F /* Exceptions for "vlognudgee" folder in "vlognudgee" target */ = {
			isa = PBXFileSystemSynchronizedBuildFileExceptionSet;
			membershipExceptions = (
				Info.plist,
			);
			target = BAF19BB62F97E2C90087AC0F /* vlognudgee */;
		};
/* End PBXFileSystemSynchronizedBuildFileExceptionSet section */

/* Begin PBXFileSystemSynchronizedRootGroup section */
		BA4339572F9854F700185CA3 /* vlog */ = {
			isa = PBXFileSystemSynchronizedRootGroup;
			exceptions = (
				BA43396C2F9854F900185CA3 /* Exceptions for "vlog" folder in "vlogExtension" target */,
			);
			path = vlog;
			sourceTree = "<group>";
		};
		BAF19BB92F97E2C90087AC0F /* vlognudgee */ = {
			isa = PBXFileSystemSynchronizedRootGroup;
			exceptions = (
				BAF19BC42F97E2CA0087AC0F /* Exceptions for "vlognudgee" folder in "vlognudgee" target */,
			);
			path = vlognudgee;
			sourceTree = "<group>";
		};
		BA00000000000000000000A1 /* Shared */ = {
			isa = PBXFileSystemSynchronizedRootGroup;
			path = Shared;
			sourceTree = "<group>";
		};
/* End PBXFileSystemSynchronizedRootGroup section */

/* Begin PBXFrameworksBuildPhase section */
		BA43394E2F9854F700185CA3 /* Frameworks */ = {
			isa = PBXFrameworksBuildPhase;
			buildActionMask = 2147483647;
			files = (
				BA43396D2F98550400185CA3 /* SwiftUI.framework in Frameworks */,
				BA4339702F98550600185CA3 /* WidgetKit.framework in Frameworks */,
			);
			runOnlyForDeploymentPostprocessing = 0;
		};
		BAF19BB42F97E2C90087AC0F /* Frameworks */ = {
			isa = PBXFrameworksBuildPhase;
			buildActionMask = 2147483647;
			files = (
			);
			runOnlyForDeploymentPostprocessing = 0;
		};
/* End PBXFrameworksBuildPhase section */

/* Begin PBXGroup section */
		BA4339522F9854F700185CA3 /* Frameworks */ = {
			isa = PBXGroup;
			children = (
				BA4339532F9854F700185CA3 /* WidgetKit.framework */,
				BA4339552F9854F700185CA3 /* SwiftUI.framework */,
			);
			name = Frameworks;
			sourceTree = "<group>";
		};
		BAF19BAE2F97E2C90087AC0F = {
			isa = PBXGroup;
			children = (
				BA39EF772F99449600BC11D4 /* vlogExtension.entitlements */,
				BAF19BB92F97E2C90087AC0F /* vlognudgee */,
				BA4339572F9854F700185CA3 /* vlog */,
				BA00000000000000000000A1 /* Shared */,
				BA4339522F9854F700185CA3 /* Frameworks */,
				BAF19BB82F97E2C90087AC0F /* Products */,
			);
			sourceTree = "<group>";
		};
		BAF19BB82F97E2C90087AC0F /* Products */ = {
			isa = PBXGroup;
			children = (
				BAF19BB72F97E2C90087AC0F /* vlognudgee.app */,
				BA4339512F9854F700185CA3 /* vlogExtension.appex */,
			);
			name = Products;
			sourceTree = "<group>";
		};
/* End PBXGroup section */

/* Begin PBXNativeTarget section */
		BA4339502F9854F700185CA3 /* vlogExtension */ = {
			isa = PBXNativeTarget;
			buildConfigurationList = BA43396B2F9854F900185CA3 /* Build configuration list for PBXNativeTarget "vlogExtension" */;
			buildPhases = (
				BA43394D2F9854F700185CA3 /* Sources */,
				BA43394E2F9854F700185CA3 /* Frameworks */,
				BA43394F2F9854F700185CA3 /* Resources */,
			);
			buildRules = (
			);
			dependencies = (
			);
			fileSystemSynchronizedGroups = (
				BA4339572F9854F700185CA3 /* vlog */,
				BA00000000000000000000A1 /* Shared */,
			);
			name = vlogExtension;
			packageProductDependencies = (
			);
			productName = vlogExtension;
			productReference = BA4339512F9854F700185CA3 /* vlogExtension.appex */;
			productType = "com.apple.product-type.app-extension";
		};
		BAF19BB62F97E2C90087AC0F /* vlognudgee */ = {
			isa = PBXNativeTarget;
			buildConfigurationList = BAF19BC52F97E2CA0087AC0F /* Build configuration list for PBXNativeTarget "vlognudgee" */;
			buildPhases = (
				BAF19BB32F97E2C90087AC0F /* Sources */,
				BAF19BB42F97E2C90087AC0F /* Frameworks */,
				BAF19BB52F97E2C90087AC0F /* Resources */,
				BA4339682F9854F900185CA3 /* Embed Foundation Extensions */,
			);
			buildRules = (
			);
			dependencies = (
				BA4339662F9854F900185CA3 /* PBXTargetDependency */,
			);
			fileSystemSynchronizedGroups = (
				BAF19BB92F97E2C90087AC0F /* vlognudgee */,
				BA00000000000000000000A1 /* Shared */,
			);
			name = vlognudgee;
			packageProductDependencies = (
			);
			productName = vlognudgee;
			productReference = BAF19BB72F97E2C90087AC0F /* vlognudgee.app */;
			productType = "com.apple.product-type.application";
		};
/* End PBXNativeTarget section */

/* Begin PBXProject section */
		BAF19BAF2F97E2C90087AC0F /* Project object */ = {
			isa = PBXProject;
			attributes = {
				BuildIndependentTargetsInParallel = 1;
				LastSwiftUpdateCheck = 2640;
				LastUpgradeCheck = 2640;
				TargetAttributes = {
					BA4339502F9854F700185CA3 = {
						CreatedOnToolsVersion = 26.4.1;
					};
					BAF19BB62F97E2C90087AC0F = {
						CreatedOnToolsVersion = 26.4.1;
					};
				};
			};
			buildConfigurationList = BAF19BB22F97E2C90087AC0F /* Build configuration list for PBXProject "vlognudgee" */;
			developmentRegion = en;
			hasScannedForEncodings = 0;
			knownRegions = (
				en,
				Base,
			);
			mainGroup = BAF19BAE2F97E2C90087AC0F;
			minimizedProjectReferenceProxies = 1;
			preferredProjectObjectVersion = 77;
			productRefGroup = BAF19BB82F97E2C90087AC0F /* Products */;
			projectDirPath = "";
			projectRoot = "";
			targets = (
				BAF19BB62F97E2C90087AC0F /* vlognudgee */,
				BA4339502F9854F700185CA3 /* vlogExtension */,
			);
		};
/* End PBXProject section */

/* Begin PBXResourcesBuildPhase section */
		BA43394F2F9854F700185CA3 /* Resources */ = {
			isa = PBXResourcesBuildPhase;
			buildActionMask = 2147483647;
			files = (
			);
			runOnlyForDeploymentPostprocessing = 0;
		};
		BAF19BB52F97E2C90087AC0F /* Resources */ = {
			isa = PBXResourcesBuildPhase;
			buildActionMask = 2147483647;
			files = (
			);
			runOnlyForDeploymentPostprocessing = 0;
		};
/* End PBXResourcesBuildPhase section */

/* Begin PBXSourcesBuildPhase section */
		BA43394D2F9854F700185CA3 /* Sources */ = {
			isa = PBXSourcesBuildPhase;
			buildActionMask = 2147483647;
			files = (
			);
			runOnlyForDeploymentPostprocessing = 0;
		};
		BAF19BB32F97E2C90087AC0F /* Sources */ = {
			isa = PBXSourcesBuildPhase;
			buildActionMask = 2147483647;
			files = (
			);
			runOnlyForDeploymentPostprocessing = 0;
		};
/* End PBXSourcesBuildPhase section */

/* Begin PBXTargetDependency section */
		BA4339662F9854F900185CA3 /* PBXTargetDependency */ = {
			isa = PBXTargetDependency;
			target = BA4339502F9854F700185CA3 /* vlogExtension */;
			targetProxy = BA4339652F9854F900185CA3 /* PBXContainerItemProxy */;
		};
/* End PBXTargetDependency section */

/* Begin XCBuildConfiguration section */
		BA4339692F9854F900185CA3 /* Debug */ = {
			isa = XCBuildConfiguration;
			buildSettings = {
				ASSETCATALOG_COMPILER_GLOBAL_ACCENT_COLOR_NAME = AccentColor;
				ASSETCATALOG_COMPILER_WIDGET_BACKGROUND_COLOR_NAME = WidgetBackground;
				CODE_SIGN_ENTITLEMENTS = vlogExtension.entitlements;
				CODE_SIGN_STYLE = Automatic;
				CURRENT_PROJECT_VERSION = 2;
				DEVELOPMENT_ASSET_PATHS = "";
				DEVELOPMENT_TEAM = R44WG942GS;
				GENERATE_INFOPLIST_FILE = YES;
				INFOPLIST_FILE = vlog/Info.plist;
				INFOPLIST_KEY_CFBundleDisplayName = vlog;
				INFOPLIST_KEY_NSHumanReadableCopyright = "";
				INFOPLIST_KEY_NSSupportsLiveActivities = YES;
				IPHONEOS_DEPLOYMENT_TARGET = 18;
				LD_RUNPATH_SEARCH_PATHS = (
					"$(inherited)",
					"@executable_path/Frameworks",
					"@executable_path/../../Frameworks",
				);
				MARKETING_VERSION = 1.0;
				NEW_SETTING = "";
				NEW_SETTING1 = "";
				PRODUCT_BUNDLE_IDENTIFIER = comedy.vlognudgee.vlog;
				PRODUCT_NAME = "$(TARGET_NAME)";
				SKIP_INSTALL = YES;
				STRING_CATALOG_GENERATE_SYMBOLS = YES;
				SWIFT_APPROACHABLE_CONCURRENCY = YES;
				SWIFT_EMIT_LOC_STRINGS = YES;
				SWIFT_UPCOMING_FEATURE_MEMBER_IMPORT_VISIBILITY = YES;
				SWIFT_VERSION = 5.0;
				TARGETED_DEVICE_FAMILY = "1,2";
			};
			name = Debug;
		};
		BA43396A2F9854F900185CA3 /* Release */ = {
			isa = XCBuildConfiguration;
			buildSettings = {
				ASSETCATALOG_COMPILER_GLOBAL_ACCENT_COLOR_NAME = AccentColor;
				ASSETCATALOG_COMPILER_WIDGET_BACKGROUND_COLOR_NAME = WidgetBackground;
				CODE_SIGN_ENTITLEMENTS = vlogExtension.entitlements;
				CODE_SIGN_STYLE = Automatic;
				CURRENT_PROJECT_VERSION = 2;
				DEVELOPMENT_ASSET_PATHS = "";
				DEVELOPMENT_TEAM = R44WG942GS;
				GENERATE_INFOPLIST_FILE = YES;
				INFOPLIST_FILE = vlog/Info.plist;
				INFOPLIST_KEY_CFBundleDisplayName = vlog;
				INFOPLIST_KEY_NSHumanReadableCopyright = "";
				INFOPLIST_KEY_NSSupportsLiveActivities = YES;
				IPHONEOS_DEPLOYMENT_TARGET = 18;
				LD_RUNPATH_SEARCH_PATHS = (
					"$(inherited)",
					"@executable_path/Frameworks",
					"@executable_path/../../Frameworks",
				);
				MARKETING_VERSION = 1.0;
				NEW_SETTING = "";
				NEW_SETTING1 = "";
				PRODUCT_BUNDLE_IDENTIFIER = comedy.vlognudgee.vlog;
				PRODUCT_NAME = "$(TARGET_NAME)";
				SKIP_INSTALL = YES;
				STRING_CATALOG_GENERATE_SYMBOLS = YES;
				SWIFT_APPROACHABLE_CONCURRENCY = YES;
				SWIFT_EMIT_LOC_STRINGS = YES;
				SWIFT_UPCOMING_FEATURE_MEMBER_IMPORT_VISIBILITY = YES;
				SWIFT_VERSION = 5.0;
				TARGETED_DEVICE_FAMILY = "1,2";
			};
			name = Release;
		};
		BAF19BC62F97E2CA0087AC0F /* Debug */ = {
			isa = XCBuildConfiguration;
			buildSettings = {
				ASSETCATALOG_COMPILER_APPICON_NAME = AppIcon;
				ASSETCATALOG_COMPILER_GLOBAL_ACCENT_COLOR_NAME = AccentColor;
				CODE_SIGN_ENTITLEMENTS = vlognudgee/vlognudgee.entitlements;
				CODE_SIGN_STYLE = Automatic;
				CURRENT_PROJECT_VERSION = 2;
				DEVELOPMENT_TEAM = R44WG942GS;
				ENABLE_PREVIEWS = YES;
				GENERATE_INFOPLIST_FILE = YES;
				INFOPLIST_FILE = vlognudgee/Info.plist;
				INFOPLIST_KEY_CFBundleDisplayName = VlogNudge;
				INFOPLIST_KEY_NSCalendarsFullAccessUsageDescription = "Same — reads upcoming and just-ended events.";
				INFOPLIST_KEY_NSCalendarsUsageDescription = "We skip nudges during your events and nudge right after they end.";
				INFOPLIST_KEY_NSCameraUsageDescription = "We use your camera to film vlog clips.";
				INFOPLIST_KEY_NSFocusStatusUsageDescription = "So we don't interrupt you in Sleep or Do Not Disturb.";
				INFOPLIST_KEY_NSHealthShareUsageDescription = "Post-workout is a great vlog moment.";
				INFOPLIST_KEY_NSLocationAlwaysAndWhenInUseUsageDescription = "Enable Background Location for Place Nudges so VlogNudge can remind you to record when you arrive at or leave saved places even while the app is not open.";
				INFOPLIST_KEY_NSLocationWhenInUseUsageDescription = "VlogNudge uses your location while the app is open to help you add saved places for Place Nudges.";
				INFOPLIST_KEY_NSMicrophoneUsageDescription = "We record audio with your vlog clips.";
				INFOPLIST_KEY_NSMotionUsageDescription = "So we avoid nudging while driving and detect when you arrive somewhere.";
				INFOPLIST_KEY_NSPhotoLibraryAddUsageDescription = "Clips save to a Daily Vlogs album.";
				INFOPLIST_KEY_NSPhotoLibraryUsageDescription = "We look up clips you've saved so the app can show them in the timeline.";
				INFOPLIST_KEY_NSSupportsLiveActivities = YES;
				INFOPLIST_KEY_UIApplicationSceneManifest_Generation = YES;
				INFOPLIST_KEY_UIApplicationSupportsIndirectInputEvents = YES;
				INFOPLIST_KEY_UILaunchScreen_Generation = YES;
				INFOPLIST_KEY_UISupportedInterfaceOrientations_iPad = "UIInterfaceOrientationPortrait UIInterfaceOrientationPortraitUpsideDown UIInterfaceOrientationLandscapeLeft UIInterfaceOrientationLandscapeRight";
				INFOPLIST_KEY_UISupportedInterfaceOrientations_iPhone = "UIInterfaceOrientationPortrait UIInterfaceOrientationLandscapeLeft UIInterfaceOrientationLandscapeRight";
				IPHONEOS_DEPLOYMENT_TARGET = 17.0;
				LD_RUNPATH_SEARCH_PATHS = (
					"$(inherited)",
					"@executable_path/Frameworks",
				);
				MARKETING_VERSION = 1.0;
				PRODUCT_BUNDLE_IDENTIFIER = comedy.vlognudgee;
				PRODUCT_NAME = "$(TARGET_NAME)";
				STRING_CATALOG_GENERATE_SYMBOLS = YES;
				SWIFT_EMIT_LOC_STRINGS = YES;
				SWIFT_VERSION = 5.0;
				TARGETED_DEVICE_FAMILY = "1,2";
			};
			name = Debug;
		};
		BAF19BC72F97E2CA0087AC0F /* Release */ = {
			isa = XCBuildConfiguration;
			buildSettings = {
				ASSETCATALOG_COMPILER_APPICON_NAME = AppIcon;
				ASSETCATALOG_COMPILER_GLOBAL_ACCENT_COLOR_NAME = AccentColor;
				CODE_SIGN_ENTITLEMENTS = vlognudgee/vlognudgee.entitlements;
				CODE_SIGN_STYLE = Automatic;
				CURRENT_PROJECT_VERSION = 2;
				DEVELOPMENT_TEAM = R44WG942GS;
				ENABLE_PREVIEWS = YES;
				GENERATE_INFOPLIST_FILE = YES;
				INFOPLIST_FILE = vlognudgee/Info.plist;
				INFOPLIST_KEY_CFBundleDisplayName = VlogNudge;
				INFOPLIST_KEY_NSCalendarsFullAccessUsageDescription = "Same — reads upcoming and just-ended events.";
				INFOPLIST_KEY_NSCalendarsUsageDescription = "We skip nudges during your events and nudge right after they end.";
				INFOPLIST_KEY_NSCameraUsageDescription = "We use your camera to film vlog clips.";
				INFOPLIST_KEY_NSFocusStatusUsageDescription = "So we don't interrupt you in Sleep or Do Not Disturb.";
				INFOPLIST_KEY_NSHealthShareUsageDescription = "Post-workout is a great vlog moment.";
				INFOPLIST_KEY_NSLocationAlwaysAndWhenInUseUsageDescription = "Enable Background Location for Place Nudges so VlogNudge can remind you to record when you arrive at or leave saved places even while the app is not open.";
				INFOPLIST_KEY_NSLocationWhenInUseUsageDescription = "VlogNudge uses your location while the app is open to help you add saved places for Place Nudges.";
				INFOPLIST_KEY_NSMicrophoneUsageDescription = "We record audio with your vlog clips.";
				INFOPLIST_KEY_NSMotionUsageDescription = "So we avoid nudging while driving and detect when you arrive somewhere.";
				INFOPLIST_KEY_NSPhotoLibraryAddUsageDescription = "Clips save to a Daily Vlogs album.";
				INFOPLIST_KEY_NSPhotoLibraryUsageDescription = "We look up clips you've saved so the app can show them in the timeline.";
				INFOPLIST_KEY_NSSupportsLiveActivities = YES;
				INFOPLIST_KEY_UIApplicationSceneManifest_Generation = YES;
				INFOPLIST_KEY_UIApplicationSupportsIndirectInputEvents = YES;
				INFOPLIST_KEY_UILaunchScreen_Generation = YES;
				INFOPLIST_KEY_UISupportedInterfaceOrientations_iPad = "UIInterfaceOrientationPortrait UIInterfaceOrientationPortraitUpsideDown UIInterfaceOrientationLandscapeLeft UIInterfaceOrientationLandscapeRight";
				INFOPLIST_KEY_UISupportedInterfaceOrientations_iPhone = "UIInterfaceOrientationPortrait UIInterfaceOrientationLandscapeLeft UIInterfaceOrientationLandscapeRight";
				IPHONEOS_DEPLOYMENT_TARGET = 17.0;
				LD_RUNPATH_SEARCH_PATHS = (
					"$(inherited)",
					"@executable_path/Frameworks",
				);
				MARKETING_VERSION = 1.0;
				PRODUCT_BUNDLE_IDENTIFIER = comedy.vlognudgee;
				PRODUCT_NAME = "$(TARGET_NAME)";
				STRING_CATALOG_GENERATE_SYMBOLS = YES;
				SWIFT_EMIT_LOC_STRINGS = YES;
				SWIFT_VERSION = 5.0;
				TARGETED_DEVICE_FAMILY = "1,2";
			};
			name = Release;
		};
		BAF19BC82F97E2CA0087AC0F /* Debug */ = {
			isa = XCBuildConfiguration;
			buildSettings = {
				ALWAYS_SEARCH_USER_PATHS = NO;
				ASSETCATALOG_COMPILER_GENERATE_SWIFT_ASSET_SYMBOL_EXTENSIONS = YES;
				CLANG_ANALYZER_NONNULL = YES;
				CLANG_ANALYZER_NUMBER_OBJECT_CONVERSION = YES_AGGRESSIVE;
				CLANG_CXX_LANGUAGE_STANDARD = "gnu++20";
				CLANG_ENABLE_MODULES = YES;
				CLANG_ENABLE_OBJC_ARC = YES;
				CLANG_ENABLE_OBJC_WEAK = YES;
				CLANG_WARN_BLOCK_CAPTURE_AUTORELEASING = YES;
				CLANG_WARN_BOOL_CONVERSION = YES;
				CLANG_WARN_COMMA = YES;
				CLANG_WARN_CONSTANT_CONVERSION = YES;
				CLANG_WARN_DEPRECATED_OBJC_IMPLEMENTATIONS = YES;
				CLANG_WARN_DIRECT_OBJC_ISA_USAGE = YES_ERROR;
				CLANG_WARN_DOCUMENTATION_COMMENTS = YES;
				CLANG_WARN_EMPTY_BODY = YES;
				CLANG_WARN_ENUM_CONVERSION = YES;
				CLANG_WARN_INFINITE_RECURSION = YES;
				CLANG_WARN_INT_CONVERSION = YES;
				CLANG_WARN_NON_LITERAL_NULL_CONVERSION = YES;
				CLANG_WARN_OBJC_IMPLICIT_RETAIN_SELF = YES;
				CLANG_WARN_OBJC_LITERAL_CONVERSION = YES;
				CLANG_WARN_OBJC_ROOT_CLASS = YES_ERROR;
				CLANG_WARN_QUOTED_INCLUDE_IN_FRAMEWORK_HEADER = YES;
				CLANG_WARN_RANGE_LOOP_ANALYSIS = YES;
				CLANG_WARN_STRICT_PROTOTYPES = YES;
				CLANG_WARN_SUSPICIOUS_MOVE = YES;
				CLANG_WARN_UNGUARDED_AVAILABILITY = YES_AGGRESSIVE;
				CLANG_WARN_UNREACHABLE_CODE = YES;
				CLANG_WARN__DUPLICATE_METHOD_MATCH = YES;
				COPY_PHASE_STRIP = NO;
				DEBUG_INFORMATION_FORMAT = dwarf;
				DEVELOPMENT_TEAM = R44WG942GS;
				ENABLE_STRICT_OBJC_MSGSEND = YES;
				ENABLE_TESTABILITY = YES;
				ENABLE_USER_SCRIPT_SANDBOXING = YES;
				GCC_C_LANGUAGE_STANDARD = gnu17;
				GCC_DYNAMIC_NO_PIC = NO;
				GCC_NO_COMMON_BLOCKS = YES;
				GCC_OPTIMIZATION_LEVEL = 0;
				GCC_PREPROCESSOR_DEFINITIONS = (
					"DEBUG=1",
					"$(inherited)",
				);
				GCC_WARN_64_TO_32_BIT_CONVERSION = YES;
				GCC_WARN_ABOUT_RETURN_TYPE = YES_ERROR;
				GCC_WARN_UNDECLARED_SELECTOR = YES;
				GCC_WARN_UNINITIALIZED_AUTOS = YES_AGGRESSIVE;
				GCC_WARN_UNUSED_FUNCTION = YES;
				GCC_WARN_UNUSED_VARIABLE = YES;
				IPHONEOS_DEPLOYMENT_TARGET = 17.0;
				LOCALIZATION_PREFERS_STRING_CATALOGS = YES;
				MTL_ENABLE_DEBUG_INFO = INCLUDE_SOURCE;
				MTL_FAST_MATH = YES;
				ONLY_ACTIVE_ARCH = YES;
				SDKROOT = iphoneos;
				SWIFT_ACTIVE_COMPILATION_CONDITIONS = "DEBUG $(inherited)";
				SWIFT_OPTIMIZATION_LEVEL = "-Onone";
			};
			name = Debug;
		};
		BAF19BC92F97E2CA0087AC0F /* Release */ = {
			isa = XCBuildConfiguration;
			buildSettings = {
				ALWAYS_SEARCH_USER_PATHS = NO;
				ASSETCATALOG_COMPILER_GENERATE_SWIFT_ASSET_SYMBOL_EXTENSIONS = YES;
				CLANG_ANALYZER_NONNULL = YES;
				CLANG_ANALYZER_NUMBER_OBJECT_CONVERSION = YES_AGGRESSIVE;
				CLANG_CXX_LANGUAGE_STANDARD = "gnu++20";
				CLANG_ENABLE_MODULES = YES;
				CLANG_ENABLE_OBJC_ARC = YES;
				CLANG_ENABLE_OBJC_WEAK = YES;
				CLANG_WARN_BLOCK_CAPTURE_AUTORELEASING = YES;
				CLANG_WARN_BOOL_CONVERSION = YES;
				CLANG_WARN_COMMA = YES;
				CLANG_WARN_CONSTANT_CONVERSION = YES;
				CLANG_WARN_DEPRECATED_OBJC_IMPLEMENTATIONS = YES;
				CLANG_WARN_DIRECT_OBJC_ISA_USAGE = YES_ERROR;
				CLANG_WARN_DOCUMENTATION_COMMENTS = YES;
				CLANG_WARN_EMPTY_BODY = YES;
				CLANG_WARN_ENUM_CONVERSION = YES;
				CLANG_WARN_INFINITE_RECURSION = YES;
				CLANG_WARN_INT_CONVERSION = YES;
				CLANG_WARN_NON_LITERAL_NULL_CONVERSION = YES;
				CLANG_WARN_OBJC_IMPLICIT_RETAIN_SELF = YES;
				CLANG_WARN_OBJC_LITERAL_CONVERSION = YES;
				CLANG_WARN_OBJC_ROOT_CLASS = YES_ERROR;
				CLANG_WARN_QUOTED_INCLUDE_IN_FRAMEWORK_HEADER = YES;
				CLANG_WARN_RANGE_LOOP_ANALYSIS = YES;
				CLANG_WARN_STRICT_PROTOTYPES = YES;
				CLANG_WARN_SUSPICIOUS_MOVE = YES;
				CLANG_WARN_UNGUARDED_AVAILABILITY = YES_AGGRESSIVE;
				CLANG_WARN_UNREACHABLE_CODE = YES;
				CLANG_WARN__DUPLICATE_METHOD_MATCH = YES;
				COPY_PHASE_STRIP = NO;
				DEBUG_INFORMATION_FORMAT = "dwarf-with-dsym";
				DEVELOPMENT_TEAM = R44WG942GS;
				ENABLE_NS_ASSERTIONS = NO;
				ENABLE_STRICT_OBJC_MSGSEND = YES;
				ENABLE_USER_SCRIPT_SANDBOXING = YES;
				GCC_C_LANGUAGE_STANDARD = gnu17;
				GCC_NO_COMMON_BLOCKS = YES;
				GCC_WARN_64_TO_32_BIT_CONVERSION = YES;
				GCC_WARN_ABOUT_RETURN_TYPE = YES_ERROR;
				GCC_WARN_UNDECLARED_SELECTOR = YES;
				GCC_WARN_UNINITIALIZED_AUTOS = YES_AGGRESSIVE;
				GCC_WARN_UNUSED_FUNCTION = YES;
				GCC_WARN_UNUSED_VARIABLE = YES;
				IPHONEOS_DEPLOYMENT_TARGET = 17.0;
				LOCALIZATION_PREFERS_STRING_CATALOGS = YES;
				MTL_ENABLE_DEBUG_INFO = NO;
				MTL_FAST_MATH = YES;
				SDKROOT = iphoneos;
				SWIFT_COMPILATION_MODE = wholemodule;
				VALIDATE_PRODUCT = YES;
			};
			name = Release;
		};
/* End XCBuildConfiguration section */

/* Begin XCConfigurationList section */
		BA43396B2F9854F900185CA3 /* Build configuration list for PBXNativeTarget "vlogExtension" */ = {
			isa = XCConfigurationList;
			buildConfigurations = (
				BA4339692F9854F900185CA3 /* Debug */,
				BA43396A2F9854F900185CA3 /* Release */,
			);
			defaultConfigurationIsVisible = 0;
			defaultConfigurationName = Release;
		};
		BAF19BB22F97E2C90087AC0F /* Build configuration list for PBXProject "vlognudgee" */ = {
			isa = XCConfigurationList;
			buildConfigurations = (
				BAF19BC82F97E2CA0087AC0F /* Debug */,
				BAF19BC92F97E2CA0087AC0F /* Release */,
			);
			defaultConfigurationIsVisible = 0;
			defaultConfigurationName = Release;
		};
		BAF19BC52F97E2CA0087AC0F /* Build configuration list for PBXNativeTarget "vlognudgee" */ = {
			isa = XCConfigurationList;
			buildConfigurations = (
				BAF19BC62F97E2CA0087AC0F /* Debug */,
				BAF19BC72F97E2CA0087AC0F /* Release */,
			);
			defaultConfigurationIsVisible = 0;
			defaultConfigurationName = Release;
		};
/* End XCConfigurationList section */
	};
	rootObject = BAF19BAF2F97E2C90087AC0F /* Project object */;
}
